Microsoft Visual Studio Solution File, Format Version 8.00
Project("{8BC9CEB8-8B4A-11D0-8D11-00A0C91BC942}") = "Kibbles", "Kibbles.vcproj", "{5B8679CA-D4CE-414A-8818-ECD754613D72}"
	ProjectSection(ProjectDependencies) = postProject
	EndProjectSection
EndProject
Global
	GlobalSection(SolutionConfiguration) = preSolution
		Debug = Debug
		Release = Release
	EndGlobalSection
	GlobalSection(ProjectConfiguration) = postSolution
		{5B8679CA-D4CE-414A-8818-ECD754613D72}.Debug.ActiveCfg = Debug|Win32
		{5B8679CA-D4CE-414A-8818-ECD754613D72}.Debug.Build.0 = Debug|Win32
		{5B8679CA-D4CE-414A-8818-ECD754613D72}.Release.ActiveCfg = Release|Win32
		{5B8679CA-D4CE-414A-8818-ECD754613D72}.Release.Build.0 = Release|Win32
	EndGlobalSection
	GlobalSection(ExtensibilityGlobals) = postSolution
	EndGlobalSection
	GlobalSection(ExtensibilityAddIns) = postSolution
	EndGlobalSection
EndGlobal
